
Microsoft Visual Studio Solution File, Format Version 12.00
# Visual Studio Version 17
VisualStudioVersion = 17.10.35013.160
MinimumVisualStudioVersion = 10.0.40219.1
Project("{2150E333-8FDC-42A3-9474-1A3956D46DE8}") = "src", "src", "{BE34BE55-51F3-4CBE-B1C6-2CF413DBF16E}"
EndProject
Project("{2150E333-8FDC-42A3-9474-1A3956D46DE8}") = "tests", "tests", "{E4DF18DC-7C7E-4E12-A145-983B881926BF}"
EndProject
Project("{9A19103F-16F7-4668-BE54-9A1E7A4F7556}") = "FarmSightWebApi.Infrastructure", "FarmSightWebApi.Infrastructure\FarmSightWebApi.Infrastructure.csproj", "{4355AD35-0760-45BB-9724-7412FF25BBE4}"
EndProject
Project("{9A19103F-16F7-4668-BE54-9A1E7A4F7556}") = "FarmSightWebApi.UI", "FarmSightWebApi.UI\FarmSightWebApi.UI.csproj", "{7B2B1E3D-2DB2-44A8-B57D-0F33BE895A71}"
EndProject
Project("{9A19103F-16F7-4668-BE54-9A1E7A4F7556}") = "FarmSightWebApi.ApplicationCore", "FarmSightWebApi.ApplicationCore\FarmSightWebApi.ApplicationCore.csproj", "{8A73C225-6D84-4220-80C4-1F244067B48C}"
EndProject
Global
	GlobalSection(SolutionConfigurationPlatforms) = preSolution
		Debug|Any CPU = Debug|Any CPU
		Release|Any CPU = Release|Any CPU
	EndGlobalSection
	GlobalSection(ProjectConfigurationPlatforms) = postSolution
		{4355AD35-0760-45BB-9724-7412FF25BBE4}.Debug|Any CPU.ActiveCfg = Debug|Any CPU
		{4355AD35-0760-45BB-9724-7412FF25BBE4}.Debug|Any CPU.Build.0 = Debug|Any CPU
		{4355AD35-0760-45BB-9724-7412FF25BBE4}.Release|Any CPU.ActiveCfg = Release|Any CPU
		{4355AD35-0760-45BB-9724-7412FF25BBE4}.Release|Any CPU.Build.0 = Release|Any CPU
		{7B2B1E3D-2DB2-44A8-B57D-0F33BE895A71}.Debug|Any CPU.ActiveCfg = Debug|Any CPU
		{7B2B1E3D-2DB2-44A8-B57D-0F33BE895A71}.Debug|Any CPU.Build.0 = Debug|Any CPU
		{7B2B1E3D-2DB2-44A8-B57D-0F33BE895A71}.Release|Any CPU.ActiveCfg = Release|Any CPU
		{7B2B1E3D-2DB2-44A8-B57D-0F33BE895A71}.Release|Any CPU.Build.0 = Release|Any CPU
		{8A73C225-6D84-4220-80C4-1F244067B48C}.Debug|Any CPU.ActiveCfg = Debug|Any CPU
		{8A73C225-6D84-4220-80C4-1F244067B48C}.Debug|Any CPU.Build.0 = Debug|Any CPU
		{8A73C225-6D84-4220-80C4-1F244067B48C}.Release|Any CPU.ActiveCfg = Release|Any CPU
		{8A73C225-6D84-4220-80C4-1F244067B48C}.Release|Any CPU.Build.0 = Release|Any CPU
	EndGlobalSection
	GlobalSection(SolutionProperties) = preSolution
		HideSolutionNode = FALSE
	EndGlobalSection
	GlobalSection(NestedProjects) = preSolution
		{4355AD35-0760-45BB-9724-7412FF25BBE4} = {BE34BE55-51F3-4CBE-B1C6-2CF413DBF16E}
		{7B2B1E3D-2DB2-44A8-B57D-0F33BE895A71} = {BE34BE55-51F3-4CBE-B1C6-2CF413DBF16E}
		{8A73C225-6D84-4220-80C4-1F244067B48C} = {BE34BE55-51F3-4CBE-B1C6-2CF413DBF16E}
	EndGlobalSection
	GlobalSection(ExtensibilityGlobals) = postSolution
		SolutionGuid = {2A4D659C-1BDF-43F7-B761-A835E2F331D8}
	EndGlobalSection
EndGlobal
