
Microsoft Visual Studio Solution File, Format Version 12.00
# Visual Studio Version 17
VisualStudioVersion = 17.13.35931.197
MinimumVisualStudioVersion = 10.0.40219.1
Project("{FAE04EC0-301F-11D3-BF4B-00C04F79EFBC}") = "FarmSight", "FarmSight\FarmSight.csproj", "{92669DF3-5A67-449F-BEDC-1583F4B801D0}"
EndProject
Project("{FAE04EC0-301F-11D3-BF4B-00C04F79EFBC}") = "Domain", "Domain\Domain.csproj", "{34523D94-6917-498D-8941-3A69E06B3FD6}"
EndProject
Project("{FAE04EC0-301F-11D3-BF4B-00C04F79EFBC}") = "Application", "Application\Application.csproj", "{82136F07-1589-489A-842E-B1A40636C497}"
EndProject
Project("{FAE04EC0-301F-11D3-BF4B-00C04F79EFBC}") = "Persistence", "Persistence\Persistence.csproj", "{DF5BFA90-1671-4437-A190-3719A45A93EE}"
EndProject
Project("{FAE04EC0-301F-11D3-BF4B-00C04F79EFBC}") = "Infrastructure", "Infrastructure\Infrastructure.csproj", "{A9A609BD-365A-4C51-B8BB-470DCBEE8EF0}"
EndProject
Global
	GlobalSection(SolutionConfigurationPlatforms) = preSolution
		Debug|Any CPU = Debug|Any CPU
		Release|Any CPU = Release|Any CPU
	EndGlobalSection
	GlobalSection(ProjectConfigurationPlatforms) = postSolution
		{92669DF3-5A67-449F-BEDC-1583F4B801D0}.Debug|Any CPU.ActiveCfg = Debug|Any CPU
		{92669DF3-5A67-449F-BEDC-1583F4B801D0}.Debug|Any CPU.Build.0 = Debug|Any CPU
		{92669DF3-5A67-449F-BEDC-1583F4B801D0}.Release|Any CPU.ActiveCfg = Release|Any CPU
		{92669DF3-5A67-449F-BEDC-1583F4B801D0}.Release|Any CPU.Build.0 = Release|Any CPU
		{34523D94-6917-498D-8941-3A69E06B3FD6}.Debug|Any CPU.ActiveCfg = Debug|Any CPU
		{34523D94-6917-498D-8941-3A69E06B3FD6}.Debug|Any CPU.Build.0 = Debug|Any CPU
		{34523D94-6917-498D-8941-3A69E06B3FD6}.Release|Any CPU.ActiveCfg = Release|Any CPU
		{34523D94-6917-498D-8941-3A69E06B3FD6}.Release|Any CPU.Build.0 = Release|Any CPU
		{82136F07-1589-489A-842E-B1A40636C497}.Debug|Any CPU.ActiveCfg = Debug|Any CPU
		{82136F07-1589-489A-842E-B1A40636C497}.Debug|Any CPU.Build.0 = Debug|Any CPU
		{82136F07-1589-489A-842E-B1A40636C497}.Release|Any CPU.ActiveCfg = Release|Any CPU
		{82136F07-1589-489A-842E-B1A40636C497}.Release|Any CPU.Build.0 = Release|Any CPU
		{DF5BFA90-1671-4437-A190-3719A45A93EE}.Debug|Any CPU.ActiveCfg = Debug|Any CPU
		{DF5BFA90-1671-4437-A190-3719A45A93EE}.Debug|Any CPU.Build.0 = Debug|Any CPU
		{DF5BFA90-1671-4437-A190-3719A45A93EE}.Release|Any CPU.ActiveCfg = Release|Any CPU
		{DF5BFA90-1671-4437-A190-3719A45A93EE}.Release|Any CPU.Build.0 = Release|Any CPU
		{A9A609BD-365A-4C51-B8BB-470DCBEE8EF0}.Debug|Any CPU.ActiveCfg = Debug|Any CPU
		{A9A609BD-365A-4C51-B8BB-470DCBEE8EF0}.Debug|Any CPU.Build.0 = Debug|Any CPU
		{A9A609BD-365A-4C51-B8BB-470DCBEE8EF0}.Release|Any CPU.ActiveCfg = Release|Any CPU
		{A9A609BD-365A-4C51-B8BB-470DCBEE8EF0}.Release|Any CPU.Build.0 = Release|Any CPU
	EndGlobalSection
	GlobalSection(SolutionProperties) = preSolution
		HideSolutionNode = FALSE
	EndGlobalSection
	GlobalSection(ExtensibilityGlobals) = postSolution
		SolutionGuid = {F22C4456-81B5-4476-A4F2-1F609282B371}
	EndGlobalSection
EndGlobal
