
Microsoft Visual Studio Solution File, Format Version 12.00
# Visual Studio Version 17
VisualStudioVersion = 17.13.35931.197
MinimumVisualStudioVersion = 10.0.40219.1
Project("{FAE04EC0-301F-11D3-BF4B-00C04F79EFBC}") = "FarmSight", "FarmSight\FarmSight.csproj", "{92669DF3-5A67-449F-BEDC-1583F4B801D0}"
EndProject
Project("{FAE04EC0-301F-11D3-BF4B-00C04F79EFBC}") = "Domain", "Domain\Domain.csproj", "{34523D94-6917-498D-8941-3A69E06B3FD6}"
EndProject
Global
	GlobalSection(SolutionConfigurationPlatforms) = preSolution
		Debug|Any CPU = Debug|Any CPU
		Release|Any CPU = Release|Any CPU
	EndGlobalSection
	GlobalSection(ProjectConfigurationPlatforms) = postSolution
		{92669DF3-5A67-449F-BEDC-1583F4B801D0}.Debug|Any CPU.ActiveCfg = Debug|Any CPU
		{92669DF3-5A67-449F-BEDC-1583F4B801D0}.Debug|Any CPU.Build.0 = Debug|Any CPU
		{92669DF3-5A67-449F-BEDC-1583F4B801D0}.Release|Any CPU.ActiveCfg = Release|Any CPU
		{92669DF3-5A67-449F-BEDC-1583F4B801D0}.Release|Any CPU.Build.0 = Release|Any CPU
		{34523D94-6917-498D-8941-3A69E06B3FD6}.Debug|Any CPU.ActiveCfg = Debug|Any CPU
		{34523D94-6917-498D-8941-3A69E06B3FD6}.Debug|Any CPU.Build.0 = Debug|Any CPU
		{34523D94-6917-498D-8941-3A69E06B3FD6}.Release|Any CPU.ActiveCfg = Release|Any CPU
		{34523D94-6917-498D-8941-3A69E06B3FD6}.Release|Any CPU.Build.0 = Release|Any CPU
	EndGlobalSection
	GlobalSection(SolutionProperties) = preSolution
		HideSolutionNode = FALSE
	EndGlobalSection
	GlobalSection(ExtensibilityGlobals) = postSolution
		SolutionGuid = {F22C4456-81B5-4476-A4F2-1F609282B371}
	EndGlobalSection
EndGlobal
